
Microsoft Visual Studio Solution File, Format Version 12.00
# Visual Studio Version 17
VisualStudioVersion = 17.9.34728.123
MinimumVisualStudioVersion = 10.0.40219.1
Project("{FAE04EC0-301F-11D3-BF4B-00C04F79EFBC}") = "NewsServer", "NewsServer.csproj", "{C7376AB4-D534-45B0-AE37-A196173E3D8B}"
EndProject
Global
	GlobalSection(SolutionConfigurationPlatforms) = preSolution
		Debug|Any CPU = Debug|Any CPU
		Release|Any CPU = Release|Any CPU
	EndGlobalSection
	GlobalSection(ProjectConfigurationPlatforms) = postSolution
		{C7376AB4-D534-45B0-AE37-A196173E3D8B}.Debug|Any CPU.ActiveCfg = Debug|Any CPU
		{C7376AB4-D534-45B0-AE37-A196173E3D8B}.Debug|Any CPU.Build.0 = Debug|Any CPU
		{C7376AB4-D534-45B0-AE37-A196173E3D8B}.Release|Any CPU.ActiveCfg = Release|Any CPU
		{C7376AB4-D534-45B0-AE37-A196173E3D8B}.Release|Any CPU.Build.0 = Release|Any CPU
	EndGlobalSection
	GlobalSection(SolutionProperties) = preSolution
		HideSolutionNode = FALSE
	EndGlobalSection
	GlobalSection(ExtensibilityGlobals) = postSolution
		SolutionGuid = {81FCB3F0-0EDD-4ED8-A233-699951957E8C}
	EndGlobalSection
EndGlobal
